
Microsoft Visual Studio Solution File, Format Version 12.00
# Visual Studio Version 17
VisualStudioVersion = 17.2.32526.322
MinimumVisualStudioVersion = 10.0.40219.1
Project("{FAE04EC0-301F-11D3-BF4B-00C04F79EFBC}") = "Mosaic2", "Mosaic2.csproj", "{1A2D8B34-547C-4360-BB9C-A42A7FFCC00E}"
EndProject
Global
	GlobalSection(SolutionConfigurationPlatforms) = preSolution
		Debug|Any CPU = Debug|Any CPU
		Release|Any CPU = Release|Any CPU
	EndGlobalSection
	GlobalSection(ProjectConfigurationPlatforms) = postSolution
		{1A2D8B34-547C-4360-BB9C-A42A7FFCC00E}.Debug|Any CPU.ActiveCfg = Debug|Any CPU
		{1A2D8B34-547C-4360-BB9C-A42A7FFCC00E}.Debug|Any CPU.Build.0 = Debug|Any CPU
		{1A2D8B34-547C-4360-BB9C-A42A7FFCC00E}.Release|Any CPU.ActiveCfg = Release|Any CPU
		{1A2D8B34-547C-4360-BB9C-A42A7FFCC00E}.Release|Any CPU.Build.0 = Release|Any CPU
	EndGlobalSection
	GlobalSection(SolutionProperties) = preSolution
		HideSolutionNode = FALSE
	EndGlobalSection
	GlobalSection(ExtensibilityGlobals) = postSolution
		SolutionGuid = {34A60813-F999-4232-9E53-0681206BBB2E}
	EndGlobalSection
EndGlobal
